
Microsoft Visual Studio Solution File, Format Version 12.00
# Visual Studio Version 17
VisualStudioVersion = 17.14.36623.8
MinimumVisualStudioVersion = 10.0.40219.1
Project("{FAE04EC0-301F-11D3-BF4B-00C04F79EFBC}") = "Projekat", "Projekat\Projekat.csproj", "{121BD48F-D52B-4EE5-B9FF-83DE68C113FD}"
EndProject
Project("{FAE04EC0-301F-11D3-BF4B-00C04F79EFBC}") = "Projekat3", "Projekat3\Projekat3.csproj", "{0D44E8B6-3583-40E1-88B3-4B04CF727C65}"
EndProject
Project("{FAE04EC0-301F-11D3-BF4B-00C04F79EFBC}") = "Projekat2", "Projekat2\Projekat2.csproj", "{867C9542-3116-4660-A633-3994ACFD5C95}"
EndProject
Global
	GlobalSection(SolutionConfigurationPlatforms) = preSolution
		Debug|Any CPU = Debug|Any CPU
		Release|Any CPU = Release|Any CPU
	EndGlobalSection
	GlobalSection(ProjectConfigurationPlatforms) = postSolution
		{121BD48F-D52B-4EE5-B9FF-83DE68C113FD}.Debug|Any CPU.ActiveCfg = Debug|Any CPU
		{121BD48F-D52B-4EE5-B9FF-83DE68C113FD}.Debug|Any CPU.Build.0 = Debug|Any CPU
		{121BD48F-D52B-4EE5-B9FF-83DE68C113FD}.Release|Any CPU.ActiveCfg = Release|Any CPU
		{121BD48F-D52B-4EE5-B9FF-83DE68C113FD}.Release|Any CPU.Build.0 = Release|Any CPU
		{0D44E8B6-3583-40E1-88B3-4B04CF727C65}.Debug|Any CPU.ActiveCfg = Debug|Any CPU
		{0D44E8B6-3583-40E1-88B3-4B04CF727C65}.Debug|Any CPU.Build.0 = Debug|Any CPU
		{0D44E8B6-3583-40E1-88B3-4B04CF727C65}.Release|Any CPU.ActiveCfg = Release|Any CPU
		{0D44E8B6-3583-40E1-88B3-4B04CF727C65}.Release|Any CPU.Build.0 = Release|Any CPU
		{867C9542-3116-4660-A633-3994ACFD5C95}.Debug|Any CPU.ActiveCfg = Debug|Any CPU
		{867C9542-3116-4660-A633-3994ACFD5C95}.Debug|Any CPU.Build.0 = Debug|Any CPU
		{867C9542-3116-4660-A633-3994ACFD5C95}.Release|Any CPU.ActiveCfg = Release|Any CPU
		{867C9542-3116-4660-A633-3994ACFD5C95}.Release|Any CPU.Build.0 = Release|Any CPU
	EndGlobalSection
	GlobalSection(SolutionProperties) = preSolution
		HideSolutionNode = FALSE
	EndGlobalSection
	GlobalSection(ExtensibilityGlobals) = postSolution
		SolutionGuid = {4FC9E76D-7A19-4EEC-B603-6543E71CB3E7}
	EndGlobalSection
EndGlobal
